{
  "nodes": {
    "nixpkgs": {
      "locked": {
        "lastModified": 1787851320,
        "narHash": "sha256-IBhl0NSoItHgwVMJqYAFZC1u7GPkEJYzRgDLg5BAby8=",
        "owner": "NixOS",
        "repo": "nixpkgs",
        "rev": "a85fa68917424bb39b04786b21386e854c7983b1",
        "type": "github"
      },
      "original": {
        "owner": "NixOS",
        "repo": "nixpkgs",
        "type": "github"
      }
    },
    "root": {
      "inputs": {
        "nixpkgs": "nixpkgs"
      }
    }
  },
  "root": "root",
  "version": 7
}
